
Microsoft Visual Studio Solution File, Format Version 12.00
# Visual Studio 2012
Project("{FAE04EC0-301F-11D3-BF4B-00C04F79EFBC}") = "LottieSamples.iOS", "LottieSamples.iOS.csproj", "{479F258B-F78C-4A5B-8351-23911CE800A2}"
EndProject
Global
	GlobalSection(SolutionConfigurationPlatforms) = preSolution
		Debug|iPhoneSimulator = Debug|iPhoneSimulator
		Release|iPhone = Release|iPhone
		Release|iPhoneSimulator = Release|iPhoneSimulator
		Debug|iPhone = Debug|iPhone
	EndGlobalSection
	GlobalSection(ProjectConfigurationPlatforms) = postSolution
		{479F258B-F78C-4A5B-8351-23911CE800A2}.Debug|iPhoneSimulator.ActiveCfg = Debug|iPhoneSimulator
		{479F258B-F78C-4A5B-8351-23911CE800A2}.Debug|iPhoneSimulator.Build.0 = Debug|iPhoneSimulator
		{479F258B-F78C-4A5B-8351-23911CE800A2}.Release|iPhone.ActiveCfg = Release|iPhone
		{479F258B-F78C-4A5B-8351-23911CE800A2}.Release|iPhone.Build.0 = Release|iPhone
		{479F258B-F78C-4A5B-8351-23911CE800A2}.Release|iPhoneSimulator.ActiveCfg = Release|iPhoneSimulator
		{479F258B-F78C-4A5B-8351-23911CE800A2}.Release|iPhoneSimulator.Build.0 = Release|iPhoneSimulator
		{479F258B-F78C-4A5B-8351-23911CE800A2}.Debug|iPhone.ActiveCfg = Debug|iPhone
		{479F258B-F78C-4A5B-8351-23911CE800A2}.Debug|iPhone.Build.0 = Debug|iPhone
	EndGlobalSection
EndGlobal
